Microsoft Visual Studio Solution File, Format Version 11.00
# Visual Studio 2008

Project("{FA3861C8-B641-A0A6-BEDB-F79795E00C87}") = "SARUTOBI", "Assembly-CSharp-firstpass.csproj", "{C8FC74B7-A61C-B8EB-0D74-FF1352440A74}"
EndProject
Project("{FA3861C8-B641-A0A6-BEDB-F79795E00C87}") = "SARUTOBI", "Assembly-CSharp.csproj", "{3EAE14F6-211B-E7E7-535C-BB964E99DA3B}"
EndProject
Project("{FA3861C8-B641-A0A6-BEDB-F79795E00C87}") = "SARUTOBI", "Assembly-CSharp-Editor.csproj", "{807EBCA7-BCDB-1843-796E-066761E21219}"
EndProject
Global
	GlobalSection(SolutionConfigurationPlatforms) = preSolution
		Debug|Any CPU = Debug|Any CPU
		Release|Any CPU = Release|Any CPU
	EndGlobalSection
	GlobalSection(ProjectConfigurationPlatforms) = postSolution
		{C8FC74B7-A61C-B8EB-0D74-FF1352440A74}.Debug|Any CPU.ActiveCfg = Debug|Any CPU
		{C8FC74B7-A61C-B8EB-0D74-FF1352440A74}.Debug|Any CPU.Build.0 = Debug|Any CPU
		{C8FC74B7-A61C-B8EB-0D74-FF1352440A74}.Release|Any CPU.ActiveCfg = Release|Any CPU
		{C8FC74B7-A61C-B8EB-0D74-FF1352440A74}.Release|Any CPU.Build.0 = Release|Any CPU
		{3EAE14F6-211B-E7E7-535C-BB964E99DA3B}.Debug|Any CPU.ActiveCfg = Debug|Any CPU
		{3EAE14F6-211B-E7E7-535C-BB964E99DA3B}.Debug|Any CPU.Build.0 = Debug|Any CPU
		{3EAE14F6-211B-E7E7-535C-BB964E99DA3B}.Release|Any CPU.ActiveCfg = Release|Any CPU
		{3EAE14F6-211B-E7E7-535C-BB964E99DA3B}.Release|Any CPU.Build.0 = Release|Any CPU
		{807EBCA7-BCDB-1843-796E-066761E21219}.Debug|Any CPU.ActiveCfg = Debug|Any CPU
		{807EBCA7-BCDB-1843-796E-066761E21219}.Debug|Any CPU.Build.0 = Debug|Any CPU
		{807EBCA7-BCDB-1843-796E-066761E21219}.Release|Any CPU.ActiveCfg = Release|Any CPU
		{807EBCA7-BCDB-1843-796E-066761E21219}.Release|Any CPU.Build.0 = Release|Any CPU
	EndGlobalSection
	GlobalSection(SolutionProperties) = preSolution
		HideSolutionNode = FALSE
	EndGlobalSection
																															GlobalSection(MonoDevelopProperties) = preSolution
		StartupItem = Assembly-CSharp.csproj
		Policies = $0
		$0.TextStylePolicy = $1
		$1.inheritsSet = null
		$1.scope = text/x-csharp
		$0.CSharpFormattingPolicy = $2
		$2.inheritsSet = Mono
		$2.inheritsScope = text/x-csharp
		$2.scope = text/x-csharp
		$0.TextStylePolicy = $3
		$3.FileWidth = 120
		$3.TabWidth = 4
		$3.IndentWidth = 4
		$3.EolMarker = Unix
		$3.inheritsSet = Mono
		$3.inheritsScope = text/plain
		$3.scope = text/plain
	EndGlobalSection

EndGlobal
